// !$*UTF8*$!
{
	archiveVersion = 1;
	classes = {
	};
	objectVersion = 51;
	objects = {

/* Begin PBXBuildFile section */
		173BC3B225874401004CAF76 /* KHomeModel.swift in Sources */ = {isa = PBXBuildFile; fileRef = 173BC3B125874401004CAF76 /* KHomeModel.swift */; };
		173BC3B625874CC2004CAF76 /* data.json in Resources */ = {isa = PBXBuildFile; fileRef = 173BC3B525874CC2004CAF76 /* data.json */; };
		173BC3BA25874F02004CAF76 /* KDataCenter.swift in Sources */ = {isa = PBXBuildFile; fileRef = 173BC3B925874F02004CAF76 /* KDataCenter.swift */; };
		173BC3C025875EB8004CAF76 /* KHomeCell.swift in Sources */ = {isa = PBXBuildFile; fileRef = 173BC3BF25875EB8004CAF76 /* KHomeCell.swift */; };
		173BC3C525876CAC004CAF76 /* UIlabel+Extension.swift in Sources */ = {isa = PBXBuildFile; fileRef = 173BC3C425876CAC004CAF76 /* UIlabel+Extension.swift */; };
		1743CB43257F7C5400D99520 /* RootControl.json in Resources */ = {isa = PBXBuildFile; fileRef = 1743CB42257F7C5400D99520 /* RootControl.json */; };
		176364A7257F644B00C47134 /* AppDelegate.swift in Sources */ = {isa = PBXBuildFile; fileRef = 176364A6257F644B00C47134 /* AppDelegate.swift */; };
		176364B0257F644C00C47134 /* Assets.xcassets in Resources */ = {isa = PBXBuildFile; fileRef = 176364AF257F644C00C47134 /* Assets.xcassets */; };
		176364B3257F644C00C47134 /* LaunchScreen.storyboard in Resources */ = {isa = PBXBuildFile; fileRef = 176364B1257F644C00C47134 /* LaunchScreen.storyboard */; };
		176364C9257F64C500C47134 /* BaseTabbarController.swift in Sources */ = {isa = PBXBuildFile; fileRef = 176364BE257F64C500C47134 /* BaseTabbarController.swift */; };
		176364CA257F64C500C47134 /* KTimeLineViewController.swift in Sources */ = {isa = PBXBuildFile; fileRef = 176364C0257F64C500C47134 /* KTimeLineViewController.swift */; };
		176364CB257F64C500C47134 /* KProfileViewController.swift in Sources */ = {isa = PBXBuildFile; fileRef = 176364C2257F64C500C47134 /* KProfileViewController.swift */; };
		176364CD257F64C500C47134 /* KCollegeViewController.swift in Sources */ = {isa = PBXBuildFile; fileRef = 176364C6257F64C500C47134 /* KCollegeViewController.swift */; };
		176364CE257F64C500C47134 /* KHomeViewController.swift in Sources */ = {isa = PBXBuildFile; fileRef = 176364C8257F64C500C47134 /* KHomeViewController.swift */; };
		C069CFC0F94E329B783440D6 /* Pods_SwiftProject.framework in Frameworks */ = {isa = PBXBuildFile; fileRef = A1EF81B2A005572B1A31A730 /* Pods_SwiftProject.framework */; };
/* End PBXBuildFile section */

/* Begin PBXFileReference section */
		097D18226D38F159B5BE5746 /* Pods-SwiftProject.debug.xcconfig */ = {isa = PBXFileReference; includeInIndex = 1; lastKnownFileType = text.xcconfig; name = "Pods-SwiftProject.debug.xcconfig"; path = "Target Support Files/Pods-SwiftProject/Pods-SwiftProject.debug.xcconfig"; sourceTree = "<group>"; };
		173BC3B125874401004CAF76 /* KHomeModel.swift */ = {isa = PBXFileReference; lastKnownFileType = sourcecode.swift; path = KHomeModel.swift; sourceTree = "<group>"; };
		173BC3B525874CC2004CAF76 /* data.json */ = {isa = PBXFileReference; lastKnownFileType = text.json; path = data.json; sourceTree = "<group>"; };
		173BC3B925874F02004CAF76 /* KDataCenter.swift */ = {isa = PBXFileReference; lastKnownFileType = sourcecode.swift; path = KDataCenter.swift; sourceTree = "<group>"; };
		173BC3BF25875EB8004CAF76 /* KHomeCell.swift */ = {isa = PBXFileReference; lastKnownFileType = sourcecode.swift; path = KHomeCell.swift; sourceTree = "<group>"; };
		173BC3C425876CAC004CAF76 /* UIlabel+Extension.swift */ = {isa = PBXFileReference; lastKnownFileType = sourcecode.swift; path = "UIlabel+Extension.swift"; sourceTree = "<group>"; };
		1743CB42257F7C5400D99520 /* RootControl.json */ = {isa = PBXFileReference; lastKnownFileType = text.json; path = RootControl.json; sourceTree = "<group>"; };
		176364A3257F644B00C47134 /* SwiftProject.app */ = {isa = PBXFileReference; explicitFileType = wrapper.application; includeInIndex = 0; path = SwiftProject.app; sourceTree = BUILT_PRODUCTS_DIR; };
		176364A6257F644B00C47134 /* AppDelegate.swift */ = {isa = PBXFileReference; lastKnownFileType = sourcecode.swift; path = AppDelegate.swift; sourceTree = "<group>"; };
		176364AF257F644C00C47134 /* Assets.xcassets */ = {isa = PBXFileReference; lastKnownFileType = folder.assetcatalog; path = Assets.xcassets; sourceTree = "<group>"; };
		176364B2257F644C00C47134 /* Base */ = {isa = PBXFileReference; lastKnownFileType = file.storyboard; name = Base; path = Base.lproj/LaunchScreen.storyboard; sourceTree = "<group>"; };
		176364B4257F644C00C47134 /* Info.plist */ = {isa = PBXFileReference; lastKnownFileType = text.plist.xml; path = Info.plist; sourceTree = "<group>"; };
		176364BE257F64C500C47134 /* BaseTabbarController.swift */ = {isa = PBXFileReference; fileEncoding = 4; lastKnownFileType = sourcecode.swift; path = BaseTabbarController.swift; sourceTree = "<group>"; };
		176364C0257F64C500C47134 /* KTimeLineViewController.swift */ = {isa = PBXFileReference; fileEncoding = 4; lastKnownFileType = sourcecode.swift; path = KTimeLineViewController.swift; sourceTree = "<group>"; };
		176364C2257F64C500C47134 /* KProfileViewController.swift */ = {isa = PBXFileReference; fileEncoding = 4; lastKnownFileType = sourcecode.swift; path = KProfileViewController.swift; sourceTree = "<group>"; };
		176364C6257F64C500C47134 /* KCollegeViewController.swift */ = {isa = PBXFileReference; fileEncoding = 4; lastKnownFileType = sourcecode.swift; path = KCollegeViewController.swift; sourceTree = "<group>"; };
		176364C8257F64C500C47134 /* KHomeViewController.swift */ = {isa = PBXFileReference; fileEncoding = 4; lastKnownFileType = sourcecode.swift; path = KHomeViewController.swift; sourceTree = "<group>"; };
		A1EF81B2A005572B1A31A730 /* Pods_SwiftProject.framework */ = {isa = PBXFileReference; explicitFileType = wrapper.framework; includeInIndex = 0; path = Pods_SwiftProject.framework; sourceTree = BUILT_PRODUCTS_DIR; };
		FCEFC96F5366CB76909B7A5A /* Pods-SwiftProject.release.xcconfig */ = {isa = PBXFileReference; includeInIndex = 1; lastKnownFileType = text.xcconfig; name = "Pods-SwiftProject.release.xcconfig"; path = "Target Support Files/Pods-SwiftProject/Pods-SwiftProject.release.xcconfig"; sourceTree = "<group>"; };
/* End PBXFileReference section */

/* Begin PBXFrameworksBuildPhase section */
		176364A0257F644B00C47134 /* Frameworks */ = {
			isa = PBXFrameworksBuildPhase;
			buildActionMask = 2147483647;
			files = (
				C069CFC0F94E329B783440D6 /* Pods_SwiftProject.framework in Frameworks */,
			);
			runOnlyForDeploymentPostprocessing = 0;
		};
/* End PBXFrameworksBuildPhase section */

/* Begin PBXGroup section */
		173BC3B0258743EB004CAF76 /* Model */ = {
			isa = PBXGroup;
			children = (
				173BC3B125874401004CAF76 /* KHomeModel.swift */,
			);
			path = Model;
			sourceTree = "<group>";
		};
		173BC3B825874DB6004CAF76 /* Tools */ = {
			isa = PBXGroup;
			children = (
				173BC3B925874F02004CAF76 /* KDataCenter.swift */,
				173BC3C425876CAC004CAF76 /* UIlabel+Extension.swift */,
			);
			path = Tools;
			sourceTree = "<group>";
		};
		173BC3BD25875E98004CAF76 /* View */ = {
			isa = PBXGroup;
			children = (
				173BC3BF25875EB8004CAF76 /* KHomeCell.swift */,
			);
			path = View;
			sourceTree = "<group>";
		};
		173BC3BE25875E9D004CAF76 /* Controller */ = {
			isa = PBXGroup;
			children = (
				176364C8257F64C500C47134 /* KHomeViewController.swift */,
			);
			path = Controller;
			sourceTree = "<group>";
		};
		1763649A257F644B00C47134 = {
			isa = PBXGroup;
			children = (
				176364A5257F644B00C47134 /* SwiftProject */,
				176364A4257F644B00C47134 /* Products */,
				ED136E2990EF6E36CCE95591 /* Pods */,
				E57B02EAF487A5EEE070059D /* Frameworks */,
			);
			sourceTree = "<group>";
		};
		176364A4257F644B00C47134 /* Products */ = {
			isa = PBXGroup;
			children = (
				176364A3257F644B00C47134 /* SwiftProject.app */,
			);
			name = Products;
			sourceTree = "<group>";
		};
		176364A5257F644B00C47134 /* SwiftProject */ = {
			isa = PBXGroup;
			children = (
				176364A6257F644B00C47134 /* AppDelegate.swift */,
				176364BD257F64C500C47134 /* Base */,
				176364C7257F64C500C47134 /* Home */,
				176364BF257F64C500C47134 /* TimeLine */,
				176364C5257F64C500C47134 /* College */,
				176364C1257F64C500C47134 /* Profile */,
				173BC3B825874DB6004CAF76 /* Tools */,
				176364C3257F64C500C47134 /* Resource */,
				176364AF257F644C00C47134 /* Assets.xcassets */,
				176364B1257F644C00C47134 /* LaunchScreen.storyboard */,
				176364B4257F644C00C47134 /* Info.plist */,
			);
			path = SwiftProject;
			sourceTree = "<group>";
		};
		176364BD257F64C500C47134 /* Base */ = {
			isa = PBXGroup;
			children = (
				176364BE257F64C500C47134 /* BaseTabbarController.swift */,
			);
			path = Base;
			sourceTree = "<group>";
		};
		176364BF257F64C500C47134 /* TimeLine */ = {
			isa = PBXGroup;
			children = (
				176364C0257F64C500C47134 /* KTimeLineViewController.swift */,
			);
			path = TimeLine;
			sourceTree = "<group>";
		};
		176364C1257F64C500C47134 /* Profile */ = {
			isa = PBXGroup;
			children = (
				176364C2257F64C500C47134 /* KProfileViewController.swift */,
			);
			path = Profile;
			sourceTree = "<group>";
		};
		176364C3257F64C500C47134 /* Resource */ = {
			isa = PBXGroup;
			children = (
				1743CB42257F7C5400D99520 /* RootControl.json */,
				173BC3B525874CC2004CAF76 /* data.json */,
			);
			path = Resource;
			sourceTree = "<group>";
		};
		176364C5257F64C500C47134 /* College */ = {
			isa = PBXGroup;
			children = (
				176364C6257F64C500C47134 /* KCollegeViewController.swift */,
			);
			path = College;
			sourceTree = "<group>";
		};
		176364C7257F64C500C47134 /* Home */ = {
			isa = PBXGroup;
			children = (
				173BC3BE25875E9D004CAF76 /* Controller */,
				173BC3BD25875E98004CAF76 /* View */,
				173BC3B0258743EB004CAF76 /* Model */,
			);
			path = Home;
			sourceTree = "<group>";
		};
		E57B02EAF487A5EEE070059D /* Frameworks */ = {
			isa = PBXGroup;
			children = (
				A1EF81B2A005572B1A31A730 /* Pods_SwiftProject.framework */,
			);
			name = Frameworks;
			sourceTree = "<group>";
		};
		ED136E2990EF6E36CCE95591 /* Pods */ = {
			isa = PBXGroup;
			children = (
				097D18226D38F159B5BE5746 /* Pods-SwiftProject.debug.xcconfig */,
				FCEFC96F5366CB76909B7A5A /* Pods-SwiftProject.release.xcconfig */,
			);
			path = Pods;
			sourceTree = "<group>";
		};
/* End PBXGroup section */

/* Begin PBXNativeTarget section */
		176364A2257F644B00C47134 /* SwiftProject */ = {
			isa = PBXNativeTarget;
			buildConfigurationList = 176364B7257F644C00C47134 /* Build configuration list for PBXNativeTarget "SwiftProject" */;
			buildPhases = (
				0864F8047EBFC5460CDCC1CD /* [CP] Check Pods Manifest.lock */,
				1763649F257F644B00C47134 /* Sources */,
				176364A0257F644B00C47134 /* Frameworks */,
				176364A1257F644B00C47134 /* Resources */,
				20C241CF3CDC2E3EC0E9E464 /* [CP] Embed Pods Frameworks */,
			);
			buildRules = (
			);
			dependencies = (
			);
			name = SwiftProject;
			productName = SwiftProject;
			productReference = 176364A3257F644B00C47134 /* SwiftProject.app */;
			productType = "com.apple.product-type.application";
		};
/* End PBXNativeTarget section */

/* Begin PBXProject section */
		1763649B257F644B00C47134 /* Project object */ = {
			isa = PBXProject;
			attributes = {
				LastSwiftUpdateCheck = 1210;
				LastUpgradeCheck = 1210;
				TargetAttributes = {
					176364A2257F644B00C47134 = {
						CreatedOnToolsVersion = 12.1;
					};
				};
			};
			buildConfigurationList = 1763649E257F644B00C47134 /* Build configuration list for PBXProject "SwiftProject" */;
			compatibilityVersion = "Xcode 9.3";
			developmentRegion = en;
			hasScannedForEncodings = 0;
			knownRegions = (
				en,
				Base,
			);
			mainGroup = 1763649A257F644B00C47134;
			productRefGroup = 176364A4257F644B00C47134 /* Products */;
			projectDirPath = "";
			projectRoot = "";
			targets = (
				176364A2257F644B00C47134 /* SwiftProject */,
			);
		};
/* End PBXProject section */

/* Begin PBXResourcesBuildPhase section */
		176364A1257F644B00C47134 /* Resources */ = {
			isa = PBXResourcesBuildPhase;
			buildActionMask = 2147483647;
			files = (
				176364B3257F644C00C47134 /* LaunchScreen.storyboard in Resources */,
				176364B0257F644C00C47134 /* Assets.xcassets in Resources */,
				1743CB43257F7C5400D99520 /* RootControl.json in Resources */,
				173BC3B625874CC2004CAF76 /* data.json in Resources */,
			);
			runOnlyForDeploymentPostprocessing = 0;
		};
/* End PBXResourcesBuildPhase section */

/* Begin PBXShellScriptBuildPhase section */
		0864F8047EBFC5460CDCC1CD /* [CP] Check Pods Manifest.lock */ = {
			isa = PBXShellScriptBuildPhase;
			buildActionMask = 2147483647;
			files = (
			);
			inputFileListPaths = (
			);
			inputPaths = (
				"${PODS_PODFILE_DIR_PATH}/Podfile.lock",
				"${PODS_ROOT}/Manifest.lock",
			);
			name = "[CP] Check Pods Manifest.lock";
			outputFileListPaths = (
			);
			outputPaths = (
				"$(DERIVED_FILE_DIR)/Pods-SwiftProject-checkManifestLockResult.txt",
			);
			runOnlyForDeploymentPostprocessing = 0;
			shellPath = /bin/sh;
			shellScript = "diff \"${PODS_PODFILE_DIR_PATH}/Podfile.lock\" \"${PODS_ROOT}/Manifest.lock\" > /dev/null\nif [ $? != 0 ] ; then\n    # print error to STDERR\n    echo \"error: The sandbox is not in sync with the Podfile.lock. Run 'pod install' or update your CocoaPods installation.\" >&2\n    exit 1\nfi\n# This output is used by Xcode 'outputs' to avoid re-running this script phase.\necho \"SUCCESS\" > \"${SCRIPT_OUTPUT_FILE_0}\"\n";
			showEnvVarsInLog = 0;
		};
		20C241CF3CDC2E3EC0E9E464 /* [CP] Embed Pods Frameworks */ = {
			isa = PBXShellScriptBuildPhase;
			buildActionMask = 2147483647;
			files = (
			);
			inputFileListPaths = (
				"${PODS_ROOT}/Target Support Files/Pods-SwiftProject/Pods-SwiftProject-frameworks-${CONFIGURATION}-input-files.xcfilelist",
			);
			name = "[CP] Embed Pods Frameworks";
			outputFileListPaths = (
				"${PODS_ROOT}/Target Support Files/Pods-SwiftProject/Pods-SwiftProject-frameworks-${CONFIGURATION}-output-files.xcfilelist",
			);
			runOnlyForDeploymentPostprocessing = 0;
			shellPath = /bin/sh;
			shellScript = "\"${PODS_ROOT}/Target Support Files/Pods-SwiftProject/Pods-SwiftProject-frameworks.sh\"\n";
			showEnvVarsInLog = 0;
		};
/* End PBXShellScriptBuildPhase section */

/* Begin PBXSourcesBuildPhase section */
		1763649F257F644B00C47134 /* Sources */ = {
			isa = PBXSourcesBuildPhase;
			buildActionMask = 2147483647;
			files = (
				176364CD257F64C500C47134 /* KCollegeViewController.swift in Sources */,
				176364CE257F64C500C47134 /* KHomeViewController.swift in Sources */,
				173BC3C525876CAC004CAF76 /* UIlabel+Extension.swift in Sources */,
				173BC3BA25874F02004CAF76 /* KDataCenter.swift in Sources */,
				176364CB257F64C500C47134 /* KProfileViewController.swift in Sources */,
				173BC3B225874401004CAF76 /* KHomeModel.swift in Sources */,
				173BC3C025875EB8004CAF76 /* KHomeCell.swift in Sources */,
				176364CA257F64C500C47134 /* KTimeLineViewController.swift in Sources */,
				176364A7257F644B00C47134 /* AppDelegate.swift in Sources */,
				176364C9257F64C500C47134 /* BaseTabbarController.swift in Sources */,
			);
			runOnlyForDeploymentPostprocessing = 0;
		};
/* End PBXSourcesBuildPhase section */

/* Begin PBXVariantGroup section */
		176364B1257F644C00C47134 /* LaunchScreen.storyboard */ = {
			isa = PBXVariantGroup;
			children = (
				176364B2257F644C00C47134 /* Base */,
			);
			name = LaunchScreen.storyboard;
			sourceTree = "<group>";
		};
/* End PBXVariantGroup section */

/* Begin XCBuildConfiguration section */
		176364B5257F644C00C47134 /* Debug */ = {
			isa = XCBuildConfiguration;
			buildSettings = {
				ALWAYS_SEARCH_USER_PATHS = NO;
				CLANG_ANALYZER_NONNULL = YES;
				CLANG_ANALYZER_NUMBER_OBJECT_CONVERSION = YES_AGGRESSIVE;
				CLANG_CXX_LANGUAGE_STANDARD = "gnu++14";
				CLANG_CXX_LIBRARY = "libc++";
				CLANG_ENABLE_MODULES = YES;
				CLANG_ENABLE_OBJC_ARC = YES;
				CLANG_ENABLE_OBJC_WEAK = YES;
				CLANG_WARN_BLOCK_CAPTURE_AUTORELEASING = YES;
				CLANG_WARN_BOOL_CONVERSION = YES;
				CLANG_WARN_COMMA = YES;
				CLANG_WARN_CONSTANT_CONVERSION = YES;
				CLANG_WARN_DEPRECATED_OBJC_IMPLEMENTATIONS = YES;
				CLANG_WARN_DIRECT_OBJC_ISA_USAGE = YES_ERROR;
				CLANG_WARN_DOCUMENTATION_COMMENTS = YES;
				CLANG_WARN_EMPTY_BODY = YES;
				CLANG_WARN_ENUM_CONVERSION = YES;
				CLANG_WARN_INFINITE_RECURSION = YES;
				CLANG_WARN_INT_CONVERSION = YES;
				CLANG_WARN_NON_LITERAL_NULL_CONVERSION = YES;
				CLANG_WARN_OBJC_IMPLICIT_RETAIN_SELF = YES;
				CLANG_WARN_OBJC_LITERAL_CONVERSION = YES;
				CLANG_WARN_OBJC_ROOT_CLASS = YES_ERROR;
				CLANG_WARN_QUOTED_INCLUDE_IN_FRAMEWORK_HEADER = YES;
				CLANG_WARN_RANGE_LOOP_ANALYSIS = YES;
				CLANG_WARN_STRICT_PROTOTYPES = YES;
				CLANG_WARN_SUSPICIOUS_MOVE = YES;
				CLANG_WARN_UNGUARDED_AVAILABILITY = YES_AGGRESSIVE;
				CLANG_WARN_UNREACHABLE_CODE = YES;
				CLANG_WARN__DUPLICATE_METHOD_MATCH = YES;
				COPY_PHASE_STRIP = NO;
				DEBUG_INFORMATION_FORMAT = dwarf;
				ENABLE_STRICT_OBJC_MSGSEND = YES;
				ENABLE_TESTABILITY = YES;
				GCC_C_LANGUAGE_STANDARD = gnu11;
				GCC_DYNAMIC_NO_PIC = NO;
				GCC_NO_COMMON_BLOCKS = YES;
				GCC_OPTIMIZATION_LEVEL = 0;
				GCC_PREPROCESSOR_DEFINITIONS = (
					"DEBUG=1",
					"$(inherited)",
				);
				GCC_WARN_64_TO_32_BIT_CONVERSION = YES;
				GCC_WARN_ABOUT_RETURN_TYPE = YES_ERROR;
				GCC_WARN_UNDECLARED_SELECTOR = YES;
				GCC_WARN_UNINITIALIZED_AUTOS = YES_AGGRESSIVE;
				GCC_WARN_UNUSED_FUNCTION = YES;
				GCC_WARN_UNUSED_VARIABLE = YES;
				IPHONEOS_DEPLOYMENT_TARGET = 14.1;
				MTL_ENABLE_DEBUG_INFO = INCLUDE_SOURCE;
				MTL_FAST_MATH = YES;
				ONLY_ACTIVE_ARCH = YES;
				SDKROOT = iphoneos;
				SWIFT_ACTIVE_COMPILATION_CONDITIONS = DEBUG;
				SWIFT_OPTIMIZATION_LEVEL = "-Onone";
			};
			name = Debug;
		};
		176364B6257F644C00C47134 /* Release */ = {
			isa = XCBuildConfiguration;
			buildSettings = {
				ALWAYS_SEARCH_USER_PATHS = NO;
				CLANG_ANALYZER_NONNULL = YES;
				CLANG_ANALYZER_NUMBER_OBJECT_CONVERSION = YES_AGGRESSIVE;
				CLANG_CXX_LANGUAGE_STANDARD = "gnu++14";
				CLANG_CXX_LIBRARY = "libc++";
				CLANG_ENABLE_MODULES = YES;
				CLANG_ENABLE_OBJC_ARC = YES;
				CLANG_ENABLE_OBJC_WEAK = YES;
				CLANG_WARN_BLOCK_CAPTURE_AUTORELEASING = YES;
				CLANG_WARN_BOOL_CONVERSION = YES;
				CLANG_WARN_COMMA = YES;
				CLANG_WARN_CONSTANT_CONVERSION = YES;
				CLANG_WARN_DEPRECATED_OBJC_IMPLEMENTATIONS = YES;
				CLANG_WARN_DIRECT_OBJC_ISA_USAGE = YES_ERROR;
				CLANG_WARN_DOCUMENTATION_COMMENTS = YES;
				CLANG_WARN_EMPTY_BODY = YES;
				CLANG_WARN_ENUM_CONVERSION = YES;
				CLANG_WARN_INFINITE_RECURSION = YES;
				CLANG_WARN_INT_CONVERSION = YES;
				CLANG_WARN_NON_LITERAL_NULL_CONVERSION = YES;
				CLANG_WARN_OBJC_IMPLICIT_RETAIN_SELF = YES;
				CLANG_WARN_OBJC_LITERAL_CONVERSION = YES;
				CLANG_WARN_OBJC_ROOT_CLASS = YES_ERROR;
				CLANG_WARN_QUOTED_INCLUDE_IN_FRAMEWORK_HEADER = YES;
				CLANG_WARN_RANGE_LOOP_ANALYSIS = YES;
				CLANG_WARN_STRICT_PROTOTYPES = YES;
				CLANG_WARN_SUSPICIOUS_MOVE = YES;
				CLANG_WARN_UNGUARDED_AVAILABILITY = YES_AGGRESSIVE;
				CLANG_WARN_UNREACHABLE_CODE = YES;
				CLANG_WARN__DUPLICATE_METHOD_MATCH = YES;
				COPY_PHASE_STRIP = NO;
				DEBUG_INFORMATION_FORMAT = "dwarf-with-dsym";
				ENABLE_NS_ASSERTIONS = NO;
				ENABLE_STRICT_OBJC_MSGSEND = YES;
				GCC_C_LANGUAGE_STANDARD = gnu11;
				GCC_NO_COMMON_BLOCKS = YES;
				GCC_WARN_64_TO_32_BIT_CONVERSION = YES;
				GCC_WARN_ABOUT_RETURN_TYPE = YES_ERROR;
				GCC_WARN_UNDECLARED_SELECTOR = YES;
				GCC_WARN_UNINITIALIZED_AUTOS = YES_AGGRESSIVE;
				GCC_WARN_UNUSED_FUNCTION = YES;
				GCC_WARN_UNUSED_VARIABLE = YES;
				IPHONEOS_DEPLOYMENT_TARGET = 14.1;
				MTL_ENABLE_DEBUG_INFO = NO;
				MTL_FAST_MATH = YES;
				SDKROOT = iphoneos;
				SWIFT_COMPILATION_MODE = wholemodule;
				SWIFT_OPTIMIZATION_LEVEL = "-O";
				VALIDATE_PRODUCT = YES;
			};
			name = Release;
		};
		176364B8257F644C00C47134 /* Debug */ = {
			isa = XCBuildConfiguration;
			baseConfigurationReference = 097D18226D38F159B5BE5746 /* Pods-SwiftProject.debug.xcconfig */;
			buildSettings = {
				ASSETCATALOG_COMPILER_APPICON_NAME = AppIcon;
				ASSETCATALOG_COMPILER_GLOBAL_ACCENT_COLOR_NAME = AccentColor;
				CODE_SIGN_STYLE = Automatic;
				INFOPLIST_FILE = SwiftProject/Info.plist;
				LD_RUNPATH_SEARCH_PATHS = (
					"$(inherited)",
					"@executable_path/Frameworks",
				);
				PRODUCT_BUNDLE_IDENTIFIER = Kong.SwiftProject;
				PRODUCT_NAME = "$(TARGET_NAME)";
				SWIFT_VERSION = 5.0;
				TARGETED_DEVICE_FAMILY = "1,2";
			};
			name = Debug;
		};
		176364B9257F644C00C47134 /* Release */ = {
			isa = XCBuildConfiguration;
			baseConfigurationReference = FCEFC96F5366CB76909B7A5A /* Pods-SwiftProject.release.xcconfig */;
			buildSettings = {
				ASSETCATALOG_COMPILER_APPICON_NAME = AppIcon;
				ASSETCATALOG_COMPILER_GLOBAL_ACCENT_COLOR_NAME = AccentColor;
				CODE_SIGN_STYLE = Automatic;
				INFOPLIST_FILE = SwiftProject/Info.plist;
				LD_RUNPATH_SEARCH_PATHS = (
					"$(inherited)",
					"@executable_path/Frameworks",
				);
				PRODUCT_BUNDLE_IDENTIFIER = Kong.SwiftProject;
				PRODUCT_NAME = "$(TARGET_NAME)";
				SWIFT_VERSION = 5.0;
				TARGETED_DEVICE_FAMILY = "1,2";
			};
			name = Release;
		};
/* End XCBuildConfiguration section */

/* Begin XCConfigurationList section */
		1763649E257F644B00C47134 /* Build configuration list for PBXProject "SwiftProject" */ = {
			isa = XCConfigurationList;
			buildConfigurations = (
				176364B5257F644C00C47134 /* Debug */,
				176364B6257F644C00C47134 /* Release */,
			);
			defaultConfigurationIsVisible = 0;
			defaultConfigurationName = Release;
		};
		176364B7257F644C00C47134 /* Build configuration list for PBXNativeTarget "SwiftProject" */ = {
			isa = XCConfigurationList;
			buildConfigurations = (
				176364B8257F644C00C47134 /* Debug */,
				176364B9257F644C00C47134 /* Release */,
			);
			defaultConfigurationIsVisible = 0;
			defaultConfigurationName = Release;
		};
/* End XCConfigurationList section */
	};
	rootObject = 1763649B257F644B00C47134 /* Project object */;
}
